// !$*UTF8*$!
{
	archiveVersion = 1;
	classes = {
	};
	objectVersion = 55;
	objects = {

/* Begin PBXBuildFile section */
		B203F96A27F30BD900DA748A /* Scorecard Web View.swift in Sources */ = {isa = PBXBuildFile; fileRef = B203F96927F30BD900DA748A /* Scorecard Web View.swift */; };
		B204175827CE58CD00A3EFA8 /* Debug Utilities.swift in Sources */ = {isa = PBXBuildFile; fileRef = B204175727CE58CD00A3EFA8 /* Debug Utilities.swift */; };
		B20B38F227C153280001B45E /* Scorecard Contract Entry View.swift in Sources */ = {isa = PBXBuildFile; fileRef = B20B38F127C153280001B45E /* Scorecard Contract Entry View.swift */; };
		B2100D9827DA449D00CC0130 /* Graph View Class.swift in Sources */ = {isa = PBXBuildFile; fileRef = B2100D9727DA449D00CC0130 /* Graph View Class.swift */; };
		B2100D9A27DA488200CC0130 /* Stats View.swift in Sources */ = {isa = PBXBuildFile; fileRef = B2100D9927DA488200CC0130 /* Stats View.swift */; };
		B213998C27D8AA830098E4A4 /* Seat Picker Popup View.swift in Sources */ = {isa = PBXBuildFile; fileRef = B213998B27D8AA830098E4A4 /* Seat Picker Popup View.swift */; };
		B213A33D2AB8616700EA098F /* import PBN.swift in Sources */ = {isa = PBXBuildFile; fileRef = B213A33C2AB8616700EA098F /* import PBN.swift */; };
		B217314427D026050096DAE8 /* Undo Handler.swift in Sources */ = {isa = PBXBuildFile; fileRef = B217314327D026050096DAE8 /* Undo Handler.swift */; };
		B21CC0BC279FDD3A001AECC1 /* Scorecard Detail View.swift in Sources */ = {isa = PBXBuildFile; fileRef = B21CC0BB279FDD3A001AECC1 /* Scorecard Detail View.swift */; };
		B21CC0BE27A01293001AECC1 /* Date Picker Input.swift in Sources */ = {isa = PBXBuildFile; fileRef = B21CC0BD27A01292001AECC1 /* Date Picker Input.swift */; };
		B21CC0C027A02A2A001AECC1 /* Stepper Input.swift in Sources */ = {isa = PBXBuildFile; fileRef = B21CC0BF27A02A2A001AECC1 /* Stepper Input.swift */; };
		B21E6F6D27C511DA00DBDCC2 /* Bridge Calculations.swift in Sources */ = {isa = PBXBuildFile; fileRef = B21E6F6C27C511DA00DBDCC2 /* Bridge Calculations.swift */; };
		B2203EB52AE8CCFC00FA27C8 /* input Number Mac.swift in Sources */ = {isa = PBXBuildFile; fileRef = B2203EB42AE8CCFC00FA27C8 /* input Number Mac.swift */; };
		B2276D5A27A692A40025DA80 /* Constraint.swift in Sources */ = {isa = PBXBuildFile; fileRef = B2276D5927A692A40025DA80 /* Constraint.swift */; };
		B22D40A227A2CF3E002F2470 /* Assets.xcassets in Resources */ = {isa = PBXBuildFile; fileRef = B22D40A127A2CF3E002F2470 /* Assets.xcassets */; };
		B22F55452A9CF33F0058443D /* Hand Viewer.swift in Sources */ = {isa = PBXBuildFile; fileRef = B22F55442A9CF33F0058443D /* Hand Viewer.swift */; };
		B23ADBEE27B1CC68001B6B38 /* Notes.txt in Resources */ = {isa = PBXBuildFile; fileRef = B23ADBED27B1CC68001B6B38 /* Notes.txt */; };
		B23ADBF227B25356001B6B38 /* List Tile View.swift in Sources */ = {isa = PBXBuildFile; fileRef = B23ADBF127B25356001B6B38 /* List Tile View.swift */; };
		B23ADBF427B28D68001B6B38 /* Local Authentication.swift in Sources */ = {isa = PBXBuildFile; fileRef = B23ADBF327B28D68001B6B38 /* Local Authentication.swift */; };
		B240141A27CCBF2400C3117F /* Scorecard Filter View.swift in Sources */ = {isa = PBXBuildFile; fileRef = B240141927CCBF2400C3117F /* Scorecard Filter View.swift */; };
		B24BC3A127F42DD200576D50 /* Scorecard Filter Values.swift in Sources */ = {isa = PBXBuildFile; fileRef = B24BC3A027F42DD200576D50 /* Scorecard Filter Values.swift */; };
		B24BC3A327F42EEA00576D50 /* Flags.swift in Sources */ = {isa = PBXBuildFile; fileRef = B24BC3A227F42EEA00576D50 /* Flags.swift */; };
		B24BC3CA27F5A07800576D50 /* Import BridgeWebs.swift in Sources */ = {isa = PBXBuildFile; fileRef = B24BC3C927F5A07800576D50 /* Import BridgeWebs.swift */; };
		B24EAE8E27DDE95C001B3E64 /* Multi Select Picker Input.swift in Sources */ = {isa = PBXBuildFile; fileRef = B24EAE8D27DDE95C001B3E64 /* Multi Select Picker Input.swift */; };
		B250412E2ABD9A0E00C58CAD /* Picker Input Simple.swift in Sources */ = {isa = PBXBuildFile; fileRef = B250412D2ABD9A0E00C58CAD /* Picker Input Simple.swift */; };
		B256D42127EC434100F47322 /* Traveller Managed Object.swift in Sources */ = {isa = PBXBuildFile; fileRef = B256D42027EC434100F47322 /* Traveller Managed Object.swift */; };
		B256D42327EC456B00F47322 /* Ranking Managed Object.swift in Sources */ = {isa = PBXBuildFile; fileRef = B256D42227EC456B00F47322 /* Ranking Managed Object.swift */; };
		B256D42527EC578500F47322 /* Ranking View Model.swift in Sources */ = {isa = PBXBuildFile; fileRef = B256D42427EC578500F47322 /* Ranking View Model.swift */; };
		B256D42727EC5B1700F47322 /* Traveller View Model.swift in Sources */ = {isa = PBXBuildFile; fileRef = B256D42627EC5B1700F47322 /* Traveller View Model.swift */; };
		B256D42927ECB15700F47322 /* BBO Name Replace View.swift in Sources */ = {isa = PBXBuildFile; fileRef = B256D42827ECB15700F47322 /* BBO Name Replace View.swift */; };
		B25ADA5E27AEB279007062AA /* Double Column View.swift in Sources */ = {isa = PBXBuildFile; fileRef = B25ADA5D27AEB279007062AA /* Double Column View.swift */; };
		B25AE9E52AA7021600F04229 /* Double Dummy Managed Object.swift in Sources */ = {isa = PBXBuildFile; fileRef = B25AE9E42AA7021600F04229 /* Double Dummy Managed Object.swift */; };
		B25AE9E72AA704BE00F04229 /* Double Dummy View Model.swift in Sources */ = {isa = PBXBuildFile; fileRef = B25AE9E62AA704BE00F04229 /* Double Dummy View Model.swift */; };
		B25F653A27EDEEF400FDD6B1 /* Scorecard Ranking View.swift in Sources */ = {isa = PBXBuildFile; fileRef = B25F653927EDEEF400FDD6B1 /* Scorecard Ranking View.swift */; };
		B25F653C27F0507600FDD6B1 /* Scorecard Traveller View.swift in Sources */ = {isa = PBXBuildFile; fileRef = B25F653B27F0507600FDD6B1 /* Scorecard Traveller View.swift */; };
		B2633A0E27AC3A460081B258 /* Layout List View.swift in Sources */ = {isa = PBXBuildFile; fileRef = B2633A0D27AC3A460081B258 /* Layout List View.swift */; };
		B26BCDFA2799A1AC00B73501 /* Bridge Score App.swift in Sources */ = {isa = PBXBuildFile; fileRef = B26BCDF92799A1AC00B73501 /* Bridge Score App.swift */; };
		B26BCE012799A1AE00B73501 /* Preview Assets.xcassets in Resources */ = {isa = PBXBuildFile; fileRef = B26BCE002799A1AE00B73501 /* Preview Assets.xcassets */; };
		B26BCE2D2799AB6700B73501 /* Persistence.swift in Sources */ = {isa = PBXBuildFile; fileRef = B26BCE282799AB6700B73501 /* Persistence.swift */; };
		B26BCE302799AB6700B73501 /* MyApp.swift in Sources */ = {isa = PBXBuildFile; fileRef = B26BCE2C2799AB6700B73501 /* MyApp.swift */; };
		B26BCE322799ABF000B73501 /* Declarations.swift in Sources */ = {isa = PBXBuildFile; fileRef = B26BCE312799ABF000B73501 /* Declarations.swift */; };
		B26BCE362799AD1700B73501 /* Config.swift in Sources */ = {isa = PBXBuildFile; fileRef = B26BCE352799AD1700B73501 /* Config.swift */; };
		B26BCE382799AD5800B73501 /* Version.swift in Sources */ = {isa = PBXBuildFile; fileRef = B26BCE372799AD5800B73501 /* Version.swift */; };
		B26BCE3A2799AD6D00B73501 /* Core Data.swift in Sources */ = {isa = PBXBuildFile; fileRef = B26BCE392799AD6D00B73501 /* Core Data.swift */; };
		B26BCE472799AD8900B73501 /* Utility.swift in Sources */ = {isa = PBXBuildFile; fileRef = B26BCE3B2799AD8800B73501 /* Utility.swift */; };
		B26BCE482799AD8900B73501 /* Day Number.swift in Sources */ = {isa = PBXBuildFile; fileRef = B26BCE3C2799AD8800B73501 /* Day Number.swift */; };
		B26BCE492799AD8900B73501 /* Palette.swift in Sources */ = {isa = PBXBuildFile; fileRef = B26BCE3D2799AD8800B73501 /* Palette.swift */; };
		B26BCE4B2799AD8900B73501 /* Date Extensions.swift in Sources */ = {isa = PBXBuildFile; fileRef = B26BCE3F2799AD8800B73501 /* Date Extensions.swift */; };
		B26BCE4C2799AD8900B73501 /* My Image.swift in Sources */ = {isa = PBXBuildFile; fileRef = B26BCE402799AD8900B73501 /* My Image.swift */; };
		B26BCE4D2799AD8900B73501 /* String Extensions.swift in Sources */ = {isa = PBXBuildFile; fileRef = B26BCE412799AD8900B73501 /* String Extensions.swift */; };
		B26BCE4E2799AD8900B73501 /* Link Presentation.swift in Sources */ = {isa = PBXBuildFile; fileRef = B26BCE422799AD8900B73501 /* Link Presentation.swift */; };
		B26BCE4F2799AD8900B73501 /* Utility Extension.swift in Sources */ = {isa = PBXBuildFile; fileRef = B26BCE432799AD8900B73501 /* Utility Extension.swift */; };
		B26BCE502799AD8900B73501 /* Other Extensions.swift in Sources */ = {isa = PBXBuildFile; fileRef = B26BCE442799AD8900B73501 /* Other Extensions.swift */; };
		B26BCE512799AD8900B73501 /* My Color.swift in Sources */ = {isa = PBXBuildFile; fileRef = B26BCE452799AD8900B73501 /* My Color.swift */; };
		B26BCE522799AD8900B73501 /* Themes.swift in Sources */ = {isa = PBXBuildFile; fileRef = B26BCE462799AD8900B73501 /* Themes.swift */; };
		B26BCE542799AE4D00B73501 /* Master Data.swift in Sources */ = {isa = PBXBuildFile; fileRef = B26BCE532799AE4D00B73501 /* Master Data.swift */; };
		B26BCE562799AE6400B73501 /* Preview Data.swift in Sources */ = {isa = PBXBuildFile; fileRef = B26BCE552799AE6400B73501 /* Preview Data.swift */; };
		B26BCE622799AED700B73501 /* Target View Modifiers.swift in Sources */ = {isa = PBXBuildFile; fileRef = B26BCE572799AED700B73501 /* Target View Modifiers.swift */; };
		B26BCE632799AED700B73501 /* Image Capture.swift in Sources */ = {isa = PBXBuildFile; fileRef = B26BCE582799AED700B73501 /* Image Capture.swift */; };
		B26BCE642799AED700B73501 /* Message Box.swift in Sources */ = {isa = PBXBuildFile; fileRef = B26BCE592799AED700B73501 /* Message Box.swift */; };
		B26BCE652799AED700B73501 /* Picker Input.swift in Sources */ = {isa = PBXBuildFile; fileRef = B26BCE5A2799AED700B73501 /* Picker Input.swift */; };
		B26BCE662799AED700B73501 /* Banner.swift in Sources */ = {isa = PBXBuildFile; fileRef = B26BCE5B2799AED700B73501 /* Banner.swift */; };
		B26BCE672799AED700B73501 /* Swipe Gestures.swift in Sources */ = {isa = PBXBuildFile; fileRef = B26BCE5C2799AED700B73501 /* Swipe Gestures.swift */; };
		B26BCE692799AED700B73501 /* Input String.swift in Sources */ = {isa = PBXBuildFile; fileRef = B26BCE5E2799AED700B73501 /* Input String.swift */; };
		B26BCE6A2799AED700B73501 /* Standard View.swift in Sources */ = {isa = PBXBuildFile; fileRef = B26BCE5F2799AED700B73501 /* Standard View.swift */; };
		B26BCE6B2799AED700B73501 /* Input Title.swift in Sources */ = {isa = PBXBuildFile; fileRef = B26BCE602799AED700B73501 /* Input Title.swift */; };
		B26BCE6C2799AED700B73501 /* Separator.swift in Sources */ = {isa = PBXBuildFile; fileRef = B26BCE612799AED700B73501 /* Separator.swift */; };
		B26BCE6F279AEB6C00B73501 /* Scorecard List View.swift in Sources */ = {isa = PBXBuildFile; fileRef = B26BCE6E279AEB6C00B73501 /* Scorecard List View.swift */; };
		B26BCE72279B188600B73501 /* BridgeScore.xcdatamodeld in Sources */ = {isa = PBXBuildFile; fileRef = B26BCE70279B188600B73501 /* BridgeScore.xcdatamodeld */; };
		B26BCE74279B236F00B73501 /* Layout Managed Object.swift in Sources */ = {isa = PBXBuildFile; fileRef = B26BCE73279B236F00B73501 /* Layout Managed Object.swift */; };
		B26BCE76279BEBA500B73501 /* Scorecard Managed Object.swift in Sources */ = {isa = PBXBuildFile; fileRef = B26BCE75279BEBA500B73501 /* Scorecard Managed Object.swift */; };
		B26C555727C7EA9200015D0A /* Table with Collection.swift in Sources */ = {isa = PBXBuildFile; fileRef = B26C555627C7EA9200015D0A /* Table with Collection.swift */; };
		B26C555927C8BCBC00015D0A /* Scroll Picker Popup View.swift in Sources */ = {isa = PBXBuildFile; fileRef = B26C555827C8BCBC00015D0A /* Scroll Picker Popup View.swift */; };
		B27CFA4E27CDFE8400B976E0 /* Popup Menu.swift in Sources */ = {isa = PBXBuildFile; fileRef = B27CFA4D27CDFE8400B976E0 /* Popup Menu.swift */; };
		B28D3F5E2ACE6FD60060DAA1 /* Override Managed Object.swift in Sources */ = {isa = PBXBuildFile; fileRef = B28D3F5D2ACE6FD60060DAA1 /* Override Managed Object.swift */; };
		B28D3F602ACE70850060DAA1 /* Override View Model.swift in Sources */ = {isa = PBXBuildFile; fileRef = B28D3F5F2ACE70850060DAA1 /* Override View Model.swift */; };
		B28E2B1E27C6A582002A9EE2 /* Input Float.swift in Sources */ = {isa = PBXBuildFile; fileRef = B28E2B1D27C6A582002A9EE2 /* Input Float.swift */; };
		B28E4EE827B55F9A0059819C /* Backup.swift in Sources */ = {isa = PBXBuildFile; fileRef = B28E4EE727B55F9A0059819C /* Backup.swift */; };
		B2A2053527AFC2E400C83C88 /* Player Setup View.swift in Sources */ = {isa = PBXBuildFile; fileRef = B2A2053427AFC2E400C83C88 /* Player Setup View.swift */; };
		B2A2053727AFC41500C83C88 /* Toolbar View.swift in Sources */ = {isa = PBXBuildFile; fileRef = B2A2053627AFC41500C83C88 /* Toolbar View.swift */; };
		B2A2053927B01D0000C83C88 /* Location Setup View.swift in Sources */ = {isa = PBXBuildFile; fileRef = B2A2053827B01D0000C83C88 /* Location Setup View.swift */; };
		B2A2053B27B108C700C83C88 /* Input Integer.swift in Sources */ = {isa = PBXBuildFile; fileRef = B2A2053A27B108C700C83C88 /* Input Integer.swift */; };
		B2A2053D27B13F2F00C83C88 /* Keyboard Adaptive.swift in Sources */ = {isa = PBXBuildFile; fileRef = B2A2053C27B13F2F00C83C88 /* Keyboard Adaptive.swift */; };
		B2A4282C2AE78D10000A97AA /* Database Utilties.swift in Sources */ = {isa = PBXBuildFile; fileRef = B2A4282B2AE78D10000A97AA /* Database Utilties.swift */; };
		B2A4282E2AE790BB000A97AA /* iCloud.swift in Sources */ = {isa = PBXBuildFile; fileRef = B2A4282D2AE790BB000A97AA /* iCloud.swift */; };
		B2A5A42627E2582F00754061 /* BBO Name Managed Object.swift in Sources */ = {isa = PBXBuildFile; fileRef = B2A5A42527E2582F00754061 /* BBO Name Managed Object.swift */; };
		B2A5A42827E3090300754061 /* BBO Name View Model.swift in Sources */ = {isa = PBXBuildFile; fileRef = B2A5A42727E3090300754061 /* BBO Name View Model.swift */; };
		B2A918932ADABF0B00761B66 /* Analysis Summary View.swift in Sources */ = {isa = PBXBuildFile; fileRef = B2A918922ADABF0B00761B66 /* Analysis Summary View.swift */; };
		B2AB6ECB2AC2CCA900ED002A /* Analysis.swift in Sources */ = {isa = PBXBuildFile; fileRef = B2AB6ECA2AC2CCA900ED002A /* Analysis.swift */; };
		B2AF750D27AD14FD00233693 /* Slide In Menu.swift in Sources */ = {isa = PBXBuildFile; fileRef = B2AF750C27AD14FD00233693 /* Slide In Menu.swift */; };
		B2AF750F27AD384900233693 /* Layout Setup View.swift in Sources */ = {isa = PBXBuildFile; fileRef = B2AF750E27AD384900233693 /* Layout Setup View.swift */; };
		B2BAD9BB27F75895008D0160 /* Import Framework.swift in Sources */ = {isa = PBXBuildFile; fileRef = B2BAD9BA27F75895008D0160 /* Import Framework.swift */; };
		B2BBC8B827BBF4B100D51A26 /* Table Managed Object.swift in Sources */ = {isa = PBXBuildFile; fileRef = B2BBC8B727BBF4B100D51A26 /* Table Managed Object.swift */; };
		B2BBC8BA27BBF6BC00D51A26 /* Table View Model.swift in Sources */ = {isa = PBXBuildFile; fileRef = B2BBC8B927BBF6BC00D51A26 /* Table View Model.swift */; };
		B2BE9BD027A15B6B002A6F8F /* Inset View.swift in Sources */ = {isa = PBXBuildFile; fileRef = B2BE9BCF27A15B6B002A6F8F /* Inset View.swift */; };
		B2C4338C27B6646700796F24 /* Scorecard Input View.swift in Sources */ = {isa = PBXBuildFile; fileRef = B2C4338B27B6646700796F24 /* Scorecard Input View.swift */; };
		B2C4338E27B7B56200796F24 /* Custom Collection View Flow.swift in Sources */ = {isa = PBXBuildFile; fileRef = B2C4338D27B7B56200796F24 /* Custom Collection View Flow.swift */; };
		B2C4339027B7B59700796F24 /* Custom View Animations.swift in Sources */ = {isa = PBXBuildFile; fileRef = B2C4338F27B7B59700796F24 /* Custom View Animations.swift */; };
		B2CC509927BE21060050F22C /* Scroll Picker.swift in Sources */ = {isa = PBXBuildFile; fileRef = B2CC509827BE21060050F22C /* Scroll Picker.swift */; };
		B2CC509E27BE22210050F22C /* Enum Picker.swift in Sources */ = {isa = PBXBuildFile; fileRef = B2CC509D27BE22210050F22C /* Enum Picker.swift */; };
		B2CC50A027BE22900050F22C /* Contract Picker.swift in Sources */ = {isa = PBXBuildFile; fileRef = B2CC509F27BE22900050F22C /* Contract Picker.swift */; };
		B2DADE5127E7A06E009F7572 /* Import BBO.swift in Sources */ = {isa = PBXBuildFile; fileRef = B2DADE5027E7A06E009F7572 /* Import BBO.swift */; };
		B2E1B76827DC71E300204CAC /* User Defaults.swift in Sources */ = {isa = PBXBuildFile; fileRef = B2E1B76727DC71E300204CAC /* User Defaults.swift */; };
		B2EB3D66279D54D500D64225 /* Board Managed Object.swift in Sources */ = {isa = PBXBuildFile; fileRef = B2EB3D65279D54D500D64225 /* Board Managed Object.swift */; };
		B2EB3D68279D65CC00D64225 /* Player Managed Object.swift in Sources */ = {isa = PBXBuildFile; fileRef = B2EB3D67279D65CC00D64225 /* Player Managed Object.swift */; };
		B2EB3D6A279D666800D64225 /* Location Managed Object.swift in Sources */ = {isa = PBXBuildFile; fileRef = B2EB3D69279D666800D64225 /* Location Managed Object.swift */; };
		B2EB3D6E279D6BA700D64225 /* Layout View Model.swift in Sources */ = {isa = PBXBuildFile; fileRef = B2EB3D6D279D6BA600D64225 /* Layout View Model.swift */; };
		B2EB3D71279D717F00D64225 /* Player View Model.swift in Sources */ = {isa = PBXBuildFile; fileRef = B2EB3D70279D717F00D64225 /* Player View Model.swift */; };
		B2EB3D73279D734700D64225 /* Location View Model.swift in Sources */ = {isa = PBXBuildFile; fileRef = B2EB3D72279D734700D64225 /* Location View Model.swift */; };
		B2EB3D75279D73E100D64225 /* Board View Model.swift in Sources */ = {isa = PBXBuildFile; fileRef = B2EB3D74279D73E100D64225 /* Board View Model.swift */; };
		B2EB3D77279D73FC00D64225 /* Scorecard View Model.swift in Sources */ = {isa = PBXBuildFile; fileRef = B2EB3D76279D73FC00D64225 /* Scorecard View Model.swift */; };
		B2EB3D79279DB80000D64225 /* Scorecard.swift in Sources */ = {isa = PBXBuildFile; fileRef = B2EB3D78279DB80000D64225 /* Scorecard.swift */; };
		B2EB3D7B279DCBCB00D64225 /* Default Data.swift in Sources */ = {isa = PBXBuildFile; fileRef = B2EB3D7A279DCBCB00D64225 /* Default Data.swift */; };
		B2EEFC782AAB5BE4005A1ECA /* Analysis Viewer.swift in Sources */ = {isa = PBXBuildFile; fileRef = B2EEFC772AAB5BE4005A1ECA /* Analysis Viewer.swift */; };
		B2F3C3A42AA1E72200A58E89 /* Card Class.swift in Sources */ = {isa = PBXBuildFile; fileRef = B2F3C3A32AA1E72200A58E89 /* Card Class.swift */; };
		B2FCC05127A05BA500A3D9F5 /* Input Toggle.swift in Sources */ = {isa = PBXBuildFile; fileRef = B2FCC05027A05BA500A3D9F5 /* Input Toggle.swift */; };
/* End PBXBuildFile section */

/* Begin PBXFileReference section */
		B203F96927F30BD900DA748A /* Scorecard Web View.swift */ = {isa = PBXFileReference; lastKnownFileType = sourcecode.swift; path = "Scorecard Web View.swift"; sourceTree = "<group>"; };
		B204175727CE58CD00A3EFA8 /* Debug Utilities.swift */ = {isa = PBXFileReference; lastKnownFileType = sourcecode.swift; path = "Debug Utilities.swift"; sourceTree = "<group>"; };
		B20B38F127C153280001B45E /* Scorecard Contract Entry View.swift */ = {isa = PBXFileReference; lastKnownFileType = sourcecode.swift; path = "Scorecard Contract Entry View.swift"; sourceTree = "<group>"; };
		B2100D9727DA449D00CC0130 /* Graph View Class.swift */ = {isa = PBXFileReference; fileEncoding = 4; lastKnownFileType = sourcecode.swift; path = "Graph View Class.swift"; sourceTree = "<group>"; };
		B2100D9927DA488200CC0130 /* Stats View.swift */ = {isa = PBXFileReference; lastKnownFileType = sourcecode.swift; path = "Stats View.swift"; sourceTree = "<group>"; };
		B213998B27D8AA830098E4A4 /* Seat Picker Popup View.swift */ = {isa = PBXFileReference; lastKnownFileType = sourcecode.swift; path = "Seat Picker Popup View.swift"; sourceTree = "<group>"; };
		B213A33C2AB8616700EA098F /* import PBN.swift */ = {isa = PBXFileReference; lastKnownFileType = sourcecode.swift; path = "import PBN.swift"; sourceTree = "<group>"; };
		B217314327D026050096DAE8 /* Undo Handler.swift */ = {isa = PBXFileReference; lastKnownFileType = sourcecode.swift; path = "Undo Handler.swift"; sourceTree = "<group>"; };
		B21CC0BB279FDD3A001AECC1 /* Scorecard Detail View.swift */ = {isa = PBXFileReference; lastKnownFileType = sourcecode.swift; path = "Scorecard Detail View.swift"; sourceTree = "<group>"; };
		B21CC0BD27A01292001AECC1 /* Date Picker Input.swift */ = {isa = PBXFileReference; lastKnownFileType = sourcecode.swift; path = "Date Picker Input.swift"; sourceTree = "<group>"; };
		B21CC0BF27A02A2A001AECC1 /* Stepper Input.swift */ = {isa = PBXFileReference; lastKnownFileType = sourcecode.swift; path = "Stepper Input.swift"; sourceTree = "<group>"; };
		B21E6F6C27C511DA00DBDCC2 /* Bridge Calculations.swift */ = {isa = PBXFileReference; lastKnownFileType = sourcecode.swift; path = "Bridge Calculations.swift"; sourceTree = "<group>"; };
		B2203EB42AE8CCFC00FA27C8 /* input Number Mac.swift */ = {isa = PBXFileReference; lastKnownFileType = sourcecode.swift; path = "input Number Mac.swift"; sourceTree = "<group>"; };
		B2276D5727A5A2C90025DA80 /* Scorecard Canvas View.swift */ = {isa = PBXFileReference; lastKnownFileType = sourcecode.swift; path = "Scorecard Canvas View.swift"; sourceTree = "<group>"; };
		B2276D5927A692A40025DA80 /* Constraint.swift */ = {isa = PBXFileReference; fileEncoding = 4; lastKnownFileType = sourcecode.swift; path = Constraint.swift; sourceTree = "<group>"; };
		B22D40A127A2CF3E002F2470 /* Assets.xcassets */ = {isa = PBXFileReference; lastKnownFileType = folder.assetcatalog; path = Assets.xcassets; sourceTree = "<group>"; };
		B22F55442A9CF33F0058443D /* Hand Viewer.swift */ = {isa = PBXFileReference; lastKnownFileType = sourcecode.swift; path = "Hand Viewer.swift"; sourceTree = "<group>"; };
		B23ADBED27B1CC68001B6B38 /* Notes.txt */ = {isa = PBXFileReference; lastKnownFileType = text; path = Notes.txt; sourceTree = "<group>"; };
		B23ADBF127B25356001B6B38 /* List Tile View.swift */ = {isa = PBXFileReference; lastKnownFileType = sourcecode.swift; path = "List Tile View.swift"; sourceTree = "<group>"; };
		B23ADBF327B28D68001B6B38 /* Local Authentication.swift */ = {isa = PBXFileReference; fileEncoding = 4; lastKnownFileType = sourcecode.swift; path = "Local Authentication.swift"; sourceTree = "<group>"; };
		B240141927CCBF2400C3117F /* Scorecard Filter View.swift */ = {isa = PBXFileReference; lastKnownFileType = sourcecode.swift; path = "Scorecard Filter View.swift"; sourceTree = "<group>"; };
		B24BC3A027F42DD200576D50 /* Scorecard Filter Values.swift */ = {isa = PBXFileReference; lastKnownFileType = sourcecode.swift; path = "Scorecard Filter Values.swift"; sourceTree = "<group>"; };
		B24BC3A227F42EEA00576D50 /* Flags.swift */ = {isa = PBXFileReference; lastKnownFileType = sourcecode.swift; path = Flags.swift; sourceTree = "<group>"; };
		B24BC3C927F5A07800576D50 /* Import BridgeWebs.swift */ = {isa = PBXFileReference; lastKnownFileType = sourcecode.swift; path = "Import BridgeWebs.swift"; sourceTree = "<group>"; };
		B24EAE8D27DDE95C001B3E64 /* Multi Select Picker Input.swift */ = {isa = PBXFileReference; lastKnownFileType = sourcecode.swift; path = "Multi Select Picker Input.swift"; sourceTree = "<group>"; };
		B250412D2ABD9A0E00C58CAD /* Picker Input Simple.swift */ = {isa = PBXFileReference; fileEncoding = 4; lastKnownFileType = sourcecode.swift; path = "Picker Input Simple.swift"; sourceTree = "<group>"; };
		B256D42027EC434100F47322 /* Traveller Managed Object.swift */ = {isa = PBXFileReference; lastKnownFileType = sourcecode.swift; path = "Traveller Managed Object.swift"; sourceTree = "<group>"; };
		B256D42227EC456B00F47322 /* Ranking Managed Object.swift */ = {isa = PBXFileReference; lastKnownFileType = sourcecode.swift; path = "Ranking Managed Object.swift"; sourceTree = "<group>"; };
		B256D42427EC578500F47322 /* Ranking View Model.swift */ = {isa = PBXFileReference; lastKnownFileType = sourcecode.swift; path = "Ranking View Model.swift"; sourceTree = "<group>"; };
		B256D42627EC5B1700F47322 /* Traveller View Model.swift */ = {isa = PBXFileReference; lastKnownFileType = sourcecode.swift; path = "Traveller View Model.swift"; sourceTree = "<group>"; };
		B256D42827ECB15700F47322 /* BBO Name Replace View.swift */ = {isa = PBXFileReference; lastKnownFileType = sourcecode.swift; path = "BBO Name Replace View.swift"; sourceTree = "<group>"; };
		B25ADA5D27AEB279007062AA /* Double Column View.swift */ = {isa = PBXFileReference; lastKnownFileType = sourcecode.swift; path = "Double Column View.swift"; sourceTree = "<group>"; };
		B25AE9E42AA7021600F04229 /* Double Dummy Managed Object.swift */ = {isa = PBXFileReference; lastKnownFileType = sourcecode.swift; path = "Double Dummy Managed Object.swift"; sourceTree = "<group>"; };
		B25AE9E62AA704BE00F04229 /* Double Dummy View Model.swift */ = {isa = PBXFileReference; lastKnownFileType = sourcecode.swift; path = "Double Dummy View Model.swift"; sourceTree = "<group>"; };
		B25F653927EDEEF400FDD6B1 /* Scorecard Ranking View.swift */ = {isa = PBXFileReference; lastKnownFileType = sourcecode.swift; path = "Scorecard Ranking View.swift"; sourceTree = "<group>"; };
		B25F653B27F0507600FDD6B1 /* Scorecard Traveller View.swift */ = {isa = PBXFileReference; lastKnownFileType = sourcecode.swift; path = "Scorecard Traveller View.swift"; sourceTree = "<group>"; };
		B2633A0D27AC3A460081B258 /* Layout List View.swift */ = {isa = PBXFileReference; lastKnownFileType = sourcecode.swift; path = "Layout List View.swift"; sourceTree = "<group>"; };
		B26BCDF62799A1AC00B73501 /* Bridge Score.app */ = {isa = PBXFileReference; explicitFileType = wrapper.application; includeInIndex = 0; path = "Bridge Score.app"; sourceTree = BUILT_PRODUCTS_DIR; };
		B26BCDF92799A1AC00B73501 /* Bridge Score App.swift */ = {isa = PBXFileReference; lastKnownFileType = sourcecode.swift; path = "Bridge Score App.swift"; sourceTree = "<group>"; };
		B26BCE002799A1AE00B73501 /* Preview Assets.xcassets */ = {isa = PBXFileReference; lastKnownFileType = folder.assetcatalog; path = "Preview Assets.xcassets"; sourceTree = "<group>"; };
		B26BCE282799AB6700B73501 /* Persistence.swift */ = {isa = PBXFileReference; fileEncoding = 4; lastKnownFileType = sourcecode.swift; path = Persistence.swift; sourceTree = "<group>"; };
		B26BCE2C2799AB6700B73501 /* MyApp.swift */ = {isa = PBXFileReference; fileEncoding = 4; lastKnownFileType = sourcecode.swift; path = MyApp.swift; sourceTree = "<group>"; };
		B26BCE312799ABF000B73501 /* Declarations.swift */ = {isa = PBXFileReference; fileEncoding = 4; lastKnownFileType = sourcecode.swift; path = Declarations.swift; sourceTree = "<group>"; };
		B26BCE352799AD1700B73501 /* Config.swift */ = {isa = PBXFileReference; fileEncoding = 4; lastKnownFileType = sourcecode.swift; path = Config.swift; sourceTree = "<group>"; };
		B26BCE372799AD5800B73501 /* Version.swift */ = {isa = PBXFileReference; fileEncoding = 4; lastKnownFileType = sourcecode.swift; path = Version.swift; sourceTree = "<group>"; };
		B26BCE392799AD6D00B73501 /* Core Data.swift */ = {isa = PBXFileReference; fileEncoding = 4; lastKnownFileType = sourcecode.swift; path = "Core Data.swift"; sourceTree = "<group>"; };
		B26BCE3B2799AD8800B73501 /* Utility.swift */ = {isa = PBXFileReference; fileEncoding = 4; lastKnownFileType = sourcecode.swift; path = Utility.swift; sourceTree = "<group>"; };
		B26BCE3C2799AD8800B73501 /* Day Number.swift */ = {isa = PBXFileReference; fileEncoding = 4; lastKnownFileType = sourcecode.swift; path = "Day Number.swift"; sourceTree = "<group>"; };
		B26BCE3D2799AD8800B73501 /* Palette.swift */ = {isa = PBXFileReference; fileEncoding = 4; lastKnownFileType = sourcecode.swift; path = Palette.swift; sourceTree = "<group>"; };
		B26BCE3F2799AD8800B73501 /* Date Extensions.swift */ = {isa = PBXFileReference; fileEncoding = 4; lastKnownFileType = sourcecode.swift; path = "Date Extensions.swift"; sourceTree = "<group>"; };
		B26BCE402799AD8900B73501 /* My Image.swift */ = {isa = PBXFileReference; fileEncoding = 4; lastKnownFileType = sourcecode.swift; path = "My Image.swift"; sourceTree = "<group>"; };
		B26BCE412799AD8900B73501 /* String Extensions.swift */ = {isa = PBXFileReference; fileEncoding = 4; lastKnownFileType = sourcecode.swift; path = "String Extensions.swift"; sourceTree = "<group>"; };
		B26BCE422799AD8900B73501 /* Link Presentation.swift */ = {isa = PBXFileReference; fileEncoding = 4; lastKnownFileType = sourcecode.swift; path = "Link Presentation.swift"; sourceTree = "<group>"; };
		B26BCE432799AD8900B73501 /* Utility Extension.swift */ = {isa = PBXFileReference; fileEncoding = 4; lastKnownFileType = sourcecode.swift; path = "Utility Extension.swift"; sourceTree = "<group>"; };
		B26BCE442799AD8900B73501 /* Other Extensions.swift */ = {isa = PBXFileReference; fileEncoding = 4; lastKnownFileType = sourcecode.swift; path = "Other Extensions.swift"; sourceTree = "<group>"; };
		B26BCE452799AD8900B73501 /* My Color.swift */ = {isa = PBXFileReference; fileEncoding = 4; lastKnownFileType = sourcecode.swift; path = "My Color.swift"; sourceTree = "<group>"; };
		B26BCE462799AD8900B73501 /* Themes.swift */ = {isa = PBXFileReference; fileEncoding = 4; lastKnownFileType = sourcecode.swift; path = Themes.swift; sourceTree = "<group>"; };
		B26BCE532799AE4D00B73501 /* Master Data.swift */ = {isa = PBXFileReference; fileEncoding = 4; lastKnownFileType = sourcecode.swift; path = "Master Data.swift"; sourceTree = "<group>"; };
		B26BCE552799AE6400B73501 /* Preview Data.swift */ = {isa = PBXFileReference; fileEncoding = 4; lastKnownFileType = sourcecode.swift; path = "Preview Data.swift"; sourceTree = "<group>"; };
		B26BCE572799AED700B73501 /* Target View Modifiers.swift */ = {isa = PBXFileReference; fileEncoding = 4; lastKnownFileType = sourcecode.swift; path = "Target View Modifiers.swift"; sourceTree = "<group>"; };
		B26BCE582799AED700B73501 /* Image Capture.swift */ = {isa = PBXFileReference; fileEncoding = 4; lastKnownFileType = sourcecode.swift; path = "Image Capture.swift"; sourceTree = "<group>"; };
		B26BCE592799AED700B73501 /* Message Box.swift */ = {isa = PBXFileReference; fileEncoding = 4; lastKnownFileType = sourcecode.swift; path = "Message Box.swift"; sourceTree = "<group>"; };
		B26BCE5A2799AED700B73501 /* Picker Input.swift */ = {isa = PBXFileReference; fileEncoding = 4; lastKnownFileType = sourcecode.swift; path = "Picker Input.swift"; sourceTree = "<group>"; };
		B26BCE5B2799AED700B73501 /* Banner.swift */ = {isa = PBXFileReference; fileEncoding = 4; lastKnownFileType = sourcecode.swift; path = Banner.swift; sourceTree = "<group>"; };
		B26BCE5C2799AED700B73501 /* Swipe Gestures.swift */ = {isa = PBXFileReference; fileEncoding = 4; lastKnownFileType = sourcecode.swift; path = "Swipe Gestures.swift"; sourceTree = "<group>"; };
		B26BCE5E2799AED700B73501 /* Input String.swift */ = {isa = PBXFileReference; fileEncoding = 4; lastKnownFileType = sourcecode.swift; path = "Input String.swift"; sourceTree = "<group>"; };
		B26BCE5F2799AED700B73501 /* Standard View.swift */ = {isa = PBXFileReference; fileEncoding = 4; lastKnownFileType = sourcecode.swift; path = "Standard View.swift"; sourceTree = "<group>"; };
		B26BCE602799AED700B73501 /* Input Title.swift */ = {isa = PBXFileReference; fileEncoding = 4; lastKnownFileType = sourcecode.swift; path = "Input Title.swift"; sourceTree = "<group>"; };
		B26BCE612799AED700B73501 /* Separator.swift */ = {isa = PBXFileReference; fileEncoding = 4; lastKnownFileType = sourcecode.swift; path = Separator.swift; sourceTree = "<group>"; };
		B26BCE6E279AEB6C00B73501 /* Scorecard List View.swift */ = {isa = PBXFileReference; lastKnownFileType = sourcecode.swift; path = "Scorecard List View.swift"; sourceTree = "<group>"; };
		B26BCE71279B188600B73501 /* BridgeScore.xcdatamodel */ = {isa = PBXFileReference; lastKnownFileType = wrapper.xcdatamodel; path = BridgeScore.xcdatamodel; sourceTree = "<group>"; };
		B26BCE73279B236F00B73501 /* Layout Managed Object.swift */ = {isa = PBXFileReference; fileEncoding = 4; lastKnownFileType = sourcecode.swift; path = "Layout Managed Object.swift"; sourceTree = "<group>"; };
		B26BCE75279BEBA500B73501 /* Scorecard Managed Object.swift */ = {isa = PBXFileReference; lastKnownFileType = sourcecode.swift; path = "Scorecard Managed Object.swift"; sourceTree = "<group>"; };
		B26C555627C7EA9200015D0A /* Table with Collection.swift */ = {isa = PBXFileReference; lastKnownFileType = sourcecode.swift; path = "Table with Collection.swift"; sourceTree = "<group>"; };
		B26C555827C8BCBC00015D0A /* Scroll Picker Popup View.swift */ = {isa = PBXFileReference; lastKnownFileType = sourcecode.swift; name = "Scroll Picker Popup View.swift"; path = "../Main App/Scroll Picker Popup View.swift"; sourceTree = "<group>"; };
		B27CFA4D27CDFE8400B976E0 /* Popup Menu.swift */ = {isa = PBXFileReference; lastKnownFileType = sourcecode.swift; path = "Popup Menu.swift"; sourceTree = "<group>"; };
		B28D3F5D2ACE6FD60060DAA1 /* Override Managed Object.swift */ = {isa = PBXFileReference; lastKnownFileType = sourcecode.swift; path = "Override Managed Object.swift"; sourceTree = "<group>"; };
		B28D3F5F2ACE70850060DAA1 /* Override View Model.swift */ = {isa = PBXFileReference; lastKnownFileType = sourcecode.swift; path = "Override View Model.swift"; sourceTree = "<group>"; };
		B28E2B1D27C6A582002A9EE2 /* Input Float.swift */ = {isa = PBXFileReference; lastKnownFileType = sourcecode.swift; path = "Input Float.swift"; sourceTree = "<group>"; };
		B28E4EE727B55F9A0059819C /* Backup.swift */ = {isa = PBXFileReference; fileEncoding = 4; lastKnownFileType = sourcecode.swift; path = Backup.swift; sourceTree = "<group>"; };
		B28E4EE927B566300059819C /* Info.plist */ = {isa = PBXFileReference; lastKnownFileType = text.plist.xml; path = Info.plist; sourceTree = "<group>"; };
		B2A2053427AFC2E400C83C88 /* Player Setup View.swift */ = {isa = PBXFileReference; lastKnownFileType = sourcecode.swift; path = "Player Setup View.swift"; sourceTree = "<group>"; };
		B2A2053627AFC41500C83C88 /* Toolbar View.swift */ = {isa = PBXFileReference; lastKnownFileType = sourcecode.swift; path = "Toolbar View.swift"; sourceTree = "<group>"; };
		B2A2053827B01D0000C83C88 /* Location Setup View.swift */ = {isa = PBXFileReference; lastKnownFileType = sourcecode.swift; path = "Location Setup View.swift"; sourceTree = "<group>"; };
		B2A2053A27B108C700C83C88 /* Input Integer.swift */ = {isa = PBXFileReference; lastKnownFileType = sourcecode.swift; path = "Input Integer.swift"; sourceTree = "<group>"; };
		B2A2053C27B13F2F00C83C88 /* Keyboard Adaptive.swift */ = {isa = PBXFileReference; lastKnownFileType = sourcecode.swift; path = "Keyboard Adaptive.swift"; sourceTree = "<group>"; };
		B2A4282B2AE78D10000A97AA /* Database Utilties.swift */ = {isa = PBXFileReference; fileEncoding = 4; lastKnownFileType = sourcecode.swift; path = "Database Utilties.swift"; sourceTree = "<group>"; };
		B2A4282D2AE790BB000A97AA /* iCloud.swift */ = {isa = PBXFileReference; fileEncoding = 4; lastKnownFileType = sourcecode.swift; path = iCloud.swift; sourceTree = "<group>"; };
		B2A5A42427E2420800754061 /* BridgeScore.entitlements */ = {isa = PBXFileReference; lastKnownFileType = text.plist.entitlements; path = BridgeScore.entitlements; sourceTree = "<group>"; };
		B2A5A42527E2582F00754061 /* BBO Name Managed Object.swift */ = {isa = PBXFileReference; lastKnownFileType = sourcecode.swift; path = "BBO Name Managed Object.swift"; sourceTree = "<group>"; };
		B2A5A42727E3090300754061 /* BBO Name View Model.swift */ = {isa = PBXFileReference; lastKnownFileType = sourcecode.swift; path = "BBO Name View Model.swift"; sourceTree = "<group>"; };
		B2A918922ADABF0B00761B66 /* Analysis Summary View.swift */ = {isa = PBXFileReference; lastKnownFileType = sourcecode.swift; path = "Analysis Summary View.swift"; sourceTree = "<group>"; };
		B2AB6ECA2AC2CCA900ED002A /* Analysis.swift */ = {isa = PBXFileReference; lastKnownFileType = sourcecode.swift; path = Analysis.swift; sourceTree = "<group>"; };
		B2AF750C27AD14FD00233693 /* Slide In Menu.swift */ = {isa = PBXFileReference; fileEncoding = 4; lastKnownFileType = sourcecode.swift; path = "Slide In Menu.swift"; sourceTree = "<group>"; };
		B2AF750E27AD384900233693 /* Layout Setup View.swift */ = {isa = PBXFileReference; lastKnownFileType = sourcecode.swift; path = "Layout Setup View.swift"; sourceTree = "<group>"; };
		B2BAD9BA27F75895008D0160 /* Import Framework.swift */ = {isa = PBXFileReference; lastKnownFileType = sourcecode.swift; path = "Import Framework.swift"; sourceTree = "<group>"; };
		B2BBC8B727BBF4B100D51A26 /* Table Managed Object.swift */ = {isa = PBXFileReference; lastKnownFileType = sourcecode.swift; path = "Table Managed Object.swift"; sourceTree = "<group>"; };
		B2BBC8B927BBF6BC00D51A26 /* Table View Model.swift */ = {isa = PBXFileReference; lastKnownFileType = sourcecode.swift; path = "Table View Model.swift"; sourceTree = "<group>"; };
		B2BE9BCF27A15B6B002A6F8F /* Inset View.swift */ = {isa = PBXFileReference; lastKnownFileType = sourcecode.swift; path = "Inset View.swift"; sourceTree = "<group>"; };
		B2C4338B27B6646700796F24 /* Scorecard Input View.swift */ = {isa = PBXFileReference; lastKnownFileType = sourcecode.swift; path = "Scorecard Input View.swift"; sourceTree = "<group>"; };
		B2C4338D27B7B56200796F24 /* Custom Collection View Flow.swift */ = {isa = PBXFileReference; fileEncoding = 4; lastKnownFileType = sourcecode.swift; path = "Custom Collection View Flow.swift"; sourceTree = "<group>"; };
		B2C4338F27B7B59700796F24 /* Custom View Animations.swift */ = {isa = PBXFileReference; fileEncoding = 4; lastKnownFileType = sourcecode.swift; path = "Custom View Animations.swift"; sourceTree = "<group>"; };
		B2CC509827BE21060050F22C /* Scroll Picker.swift */ = {isa = PBXFileReference; lastKnownFileType = sourcecode.swift; name = "Scroll Picker.swift"; path = "../Main App/Scroll Picker.swift"; sourceTree = "<group>"; };
		B2CC509D27BE22210050F22C /* Enum Picker.swift */ = {isa = PBXFileReference; lastKnownFileType = sourcecode.swift; path = "Enum Picker.swift"; sourceTree = "<group>"; };
		B2CC509F27BE22900050F22C /* Contract Picker.swift */ = {isa = PBXFileReference; lastKnownFileType = sourcecode.swift; path = "Contract Picker.swift"; sourceTree = "<group>"; };
		B2DADE5027E7A06E009F7572 /* Import BBO.swift */ = {isa = PBXFileReference; lastKnownFileType = sourcecode.swift; path = "Import BBO.swift"; sourceTree = "<group>"; };
		B2E1B76727DC71E300204CAC /* User Defaults.swift */ = {isa = PBXFileReference; lastKnownFileType = sourcecode.swift; path = "User Defaults.swift"; sourceTree = "<group>"; };
		B2EB3D65279D54D500D64225 /* Board Managed Object.swift */ = {isa = PBXFileReference; lastKnownFileType = sourcecode.swift; path = "Board Managed Object.swift"; sourceTree = "<group>"; };
		B2EB3D67279D65CC00D64225 /* Player Managed Object.swift */ = {isa = PBXFileReference; lastKnownFileType = sourcecode.swift; path = "Player Managed Object.swift"; sourceTree = "<group>"; };
		B2EB3D69279D666800D64225 /* Location Managed Object.swift */ = {isa = PBXFileReference; lastKnownFileType = sourcecode.swift; path = "Location Managed Object.swift"; sourceTree = "<group>"; };
		B2EB3D6D279D6BA600D64225 /* Layout View Model.swift */ = {isa = PBXFileReference; lastKnownFileType = sourcecode.swift; path = "Layout View Model.swift"; sourceTree = "<group>"; };
		B2EB3D70279D717F00D64225 /* Player View Model.swift */ = {isa = PBXFileReference; lastKnownFileType = sourcecode.swift; path = "Player View Model.swift"; sourceTree = "<group>"; };
		B2EB3D72279D734700D64225 /* Location View Model.swift */ = {isa = PBXFileReference; lastKnownFileType = sourcecode.swift; path = "Location View Model.swift"; sourceTree = "<group>"; };
		B2EB3D74279D73E100D64225 /* Board View Model.swift */ = {isa = PBXFileReference; lastKnownFileType = sourcecode.swift; path = "Board View Model.swift"; sourceTree = "<group>"; };
		B2EB3D76279D73FC00D64225 /* Scorecard View Model.swift */ = {isa = PBXFileReference; lastKnownFileType = sourcecode.swift; path = "Scorecard View Model.swift"; sourceTree = "<group>"; };
		B2EB3D78279DB80000D64225 /* Scorecard.swift */ = {isa = PBXFileReference; lastKnownFileType = sourcecode.swift; path = Scorecard.swift; sourceTree = "<group>"; };
		B2EB3D7A279DCBCB00D64225 /* Default Data.swift */ = {isa = PBXFileReference; lastKnownFileType = sourcecode.swift; path = "Default Data.swift"; sourceTree = "<group>"; };
		B2EEFC772AAB5BE4005A1ECA /* Analysis Viewer.swift */ = {isa = PBXFileReference; lastKnownFileType = sourcecode.swift; path = "Analysis Viewer.swift"; sourceTree = "<group>"; };
		B2F3C3A32AA1E72200A58E89 /* Card Class.swift */ = {isa = PBXFileReference; fileEncoding = 4; lastKnownFileType = sourcecode.swift; path = "Card Class.swift"; sourceTree = "<group>"; };
		B2FCC05027A05BA500A3D9F5 /* Input Toggle.swift */ = {isa = PBXFileReference; fileEncoding = 4; lastKnownFileType = sourcecode.swift; path = "Input Toggle.swift"; sourceTree = "<group>"; };
/* End PBXFileReference section */

/* Begin PBXFrameworksBuildPhase section */
		B26BCDF32799A1AC00B73501 /* Frameworks */ = {
			isa = PBXFrameworksBuildPhase;
			buildActionMask = 2147483647;
			files = (
			);
			runOnlyForDeploymentPostprocessing = 0;
		};
/* End PBXFrameworksBuildPhase section */

/* Begin PBXGroup section */
		B240141627CB4FF900C3117F /* Obsolete Views */ = {
			isa = PBXGroup;
			children = (
				B2CC509F27BE22900050F22C /* Contract Picker.swift */,
				B2276D5727A5A2C90025DA80 /* Scorecard Canvas View.swift */,
			);
			name = "Obsolete Views";
			sourceTree = "<group>";
		};
		B26BCDED2799A1AC00B73501 = {
			isa = PBXGroup;
			children = (
				B26BCDF82799A1AC00B73501 /* BridgeScore */,
				B26BCDF72799A1AC00B73501 /* Products */,
			);
			sourceTree = "<group>";
		};
		B26BCDF72799A1AC00B73501 /* Products */ = {
			isa = PBXGroup;
			children = (
				B26BCDF62799A1AC00B73501 /* Bridge Score.app */,
			);
			name = Products;
			sourceTree = "<group>";
		};
		B26BCDF82799A1AC00B73501 /* BridgeScore */ = {
			isa = PBXGroup;
			children = (
				B2A5A42427E2420800754061 /* BridgeScore.entitlements */,
				B26BCE1A2799A86800B73501 /* Shared */,
				B26BCE182799A7C200B73501 /* Main App */,
				B26BCE192799A7DC00B73501 /* Widget App */,
			);
			path = BridgeScore;
			sourceTree = "<group>";
		};
		B26BCDFF2799A1AE00B73501 /* Preview Content */ = {
			isa = PBXGroup;
			children = (
				B26BCE002799A1AE00B73501 /* Preview Assets.xcassets */,
			);
			path = "Preview Content";
			sourceTree = "<group>";
		};
		B26BCE182799A7C200B73501 /* Main App */ = {
			isa = PBXGroup;
			children = (
				B26BCE242799AA6C00B73501 /* Standard Components */,
				B26BCE252799AA7900B73501 /* View Models */,
				B26BCE6D279AEB4C00B73501 /* Main Views */,
				B2BAD9B727F757AA008D0160 /* Imports */,
				B2A2053327AFBFB900C83C88 /* Setup Views */,
				B2EB3D7C279F0E6000D64225 /* Shared Views */,
				B26BCE232799AA6300B73501 /* Utilities */,
				B26BCE222799AA5800B73501 /* Reusable SwiftUI Components */,
				B240141627CB4FF900C3117F /* Obsolete Views */,
				B26BCDFF2799A1AE00B73501 /* Preview Content */,
			);
			path = "Main App";
			sourceTree = "<group>";
		};
		B26BCE192799A7DC00B73501 /* Widget App */ = {
			isa = PBXGroup;
			children = (
			);
			path = "Widget App";
			sourceTree = "<group>";
		};
		B26BCE1A2799A86800B73501 /* Shared */ = {
			isa = PBXGroup;
			children = (
				B23ADBED27B1CC68001B6B38 /* Notes.txt */,
				B26BCE1D2799A99400B73501 /* Standard Components */,
				B26BCE1E2799A9C600B73501 /* Managed Object Models */,
				B26BCE262799AAEB00B73501 /* Utilities */,
				B26BCE212799AA0A00B73501 /* Libraries */,
				B2CC509C27BE21D10050F22C /* Reusable UIKit Components */,
			);
			path = Shared;
			sourceTree = "<group>";
		};
		B26BCE1D2799A99400B73501 /* Standard Components */ = {
			isa = PBXGroup;
			children = (
				B28E4EE927B566300059819C /* Info.plist */,
				B26BCE70279B188600B73501 /* BridgeScore.xcdatamodeld */,
				B26BCE2C2799AB6700B73501 /* MyApp.swift */,
				B26BCE282799AB6700B73501 /* Persistence.swift */,
				B26BCE312799ABF000B73501 /* Declarations.swift */,
				B26BCE352799AD1700B73501 /* Config.swift */,
				B2E1B76727DC71E300204CAC /* User Defaults.swift */,
			);
			name = "Standard Components";
			sourceTree = "<group>";
		};
		B26BCE1E2799A9C600B73501 /* Managed Object Models */ = {
			isa = PBXGroup;
			children = (
				B26BCE75279BEBA500B73501 /* Scorecard Managed Object.swift */,
				B2EB3D65279D54D500D64225 /* Board Managed Object.swift */,
				B2BBC8B727BBF4B100D51A26 /* Table Managed Object.swift */,
				B26BCE73279B236F00B73501 /* Layout Managed Object.swift */,
				B2EB3D67279D65CC00D64225 /* Player Managed Object.swift */,
				B2EB3D69279D666800D64225 /* Location Managed Object.swift */,
				B2A5A42527E2582F00754061 /* BBO Name Managed Object.swift */,
				B256D42227EC456B00F47322 /* Ranking Managed Object.swift */,
				B256D42027EC434100F47322 /* Traveller Managed Object.swift */,
				B25AE9E42AA7021600F04229 /* Double Dummy Managed Object.swift */,
				B28D3F5D2ACE6FD60060DAA1 /* Override Managed Object.swift */,
			);
			name = "Managed Object Models";
			sourceTree = "<group>";
		};
		B26BCE212799AA0A00B73501 /* Libraries */ = {
			isa = PBXGroup;
			children = (
				B26BCE3D2799AD8800B73501 /* Palette.swift */,
				B26BCE462799AD8900B73501 /* Themes.swift */,
				B26BCE392799AD6D00B73501 /* Core Data.swift */,
				B26BCE3B2799AD8800B73501 /* Utility.swift */,
				B26BCE432799AD8900B73501 /* Utility Extension.swift */,
				B26BCE452799AD8900B73501 /* My Color.swift */,
				B26BCE402799AD8900B73501 /* My Image.swift */,
				B26BCE3F2799AD8800B73501 /* Date Extensions.swift */,
				B26BCE3C2799AD8800B73501 /* Day Number.swift */,
				B26BCE412799AD8900B73501 /* String Extensions.swift */,
				B26BCE442799AD8900B73501 /* Other Extensions.swift */,
				B2276D5927A692A40025DA80 /* Constraint.swift */,
				B26BCE422799AD8900B73501 /* Link Presentation.swift */,
				B23ADBF327B28D68001B6B38 /* Local Authentication.swift */,
				B28E4EE727B55F9A0059819C /* Backup.swift */,
				B2C4338D27B7B56200796F24 /* Custom Collection View Flow.swift */,
				B2C4338F27B7B59700796F24 /* Custom View Animations.swift */,
				B2100D9727DA449D00CC0130 /* Graph View Class.swift */,
				B24BC3A227F42EEA00576D50 /* Flags.swift */,
				B2A4282D2AE790BB000A97AA /* iCloud.swift */,
			);
			name = Libraries;
			sourceTree = "<group>";
		};
		B26BCE222799AA5800B73501 /* Reusable SwiftUI Components */ = {
			isa = PBXGroup;
			children = (
				B26BCE5B2799AED700B73501 /* Banner.swift */,
				B26BCE582799AED700B73501 /* Image Capture.swift */,
				B26BCE5E2799AED700B73501 /* Input String.swift */,
				B26BCE602799AED700B73501 /* Input Title.swift */,
				B2A2053A27B108C700C83C88 /* Input Integer.swift */,
				B28E2B1D27C6A582002A9EE2 /* Input Float.swift */,
				B2203EB42AE8CCFC00FA27C8 /* input Number Mac.swift */,
				B2FCC05027A05BA500A3D9F5 /* Input Toggle.swift */,
				B250412D2ABD9A0E00C58CAD /* Picker Input Simple.swift */,
				B26BCE5A2799AED700B73501 /* Picker Input.swift */,
				B24EAE8D27DDE95C001B3E64 /* Multi Select Picker Input.swift */,
				B21CC0BD27A01292001AECC1 /* Date Picker Input.swift */,
				B21CC0BF27A02A2A001AECC1 /* Stepper Input.swift */,
				B26BCE612799AED700B73501 /* Separator.swift */,
				B26BCE5F2799AED700B73501 /* Standard View.swift */,
				B25ADA5D27AEB279007062AA /* Double Column View.swift */,
				B2A2053627AFC41500C83C88 /* Toolbar View.swift */,
				B23ADBF127B25356001B6B38 /* List Tile View.swift */,
				B2BE9BCF27A15B6B002A6F8F /* Inset View.swift */,
				B26BCE592799AED700B73501 /* Message Box.swift */,
				B2AF750C27AD14FD00233693 /* Slide In Menu.swift */,
				B26BCE5C2799AED700B73501 /* Swipe Gestures.swift */,
				B26BCE572799AED700B73501 /* Target View Modifiers.swift */,
				B2A2053C27B13F2F00C83C88 /* Keyboard Adaptive.swift */,
				B27CFA4D27CDFE8400B976E0 /* Popup Menu.swift */,
				B217314327D026050096DAE8 /* Undo Handler.swift */,
			);
			name = "Reusable SwiftUI Components";
			sourceTree = "<group>";
		};
		B26BCE232799AA6300B73501 /* Utilities */ = {
			isa = PBXGroup;
			children = (
				B204175727CE58CD00A3EFA8 /* Debug Utilities.swift */,
				B2A4282B2AE78D10000A97AA /* Database Utilties.swift */,
			);
			name = Utilities;
			sourceTree = "<group>";
		};
		B26BCE242799AA6C00B73501 /* Standard Components */ = {
			isa = PBXGroup;
			children = (
				B22D40A127A2CF3E002F2470 /* Assets.xcassets */,
				B26BCDF92799A1AC00B73501 /* Bridge Score App.swift */,
				B26BCE532799AE4D00B73501 /* Master Data.swift */,
				B2EB3D78279DB80000D64225 /* Scorecard.swift */,
				B2AB6ECA2AC2CCA900ED002A /* Analysis.swift */,
				B2F3C3A32AA1E72200A58E89 /* Card Class.swift */,
				B26BCE552799AE6400B73501 /* Preview Data.swift */,
				B2EB3D7A279DCBCB00D64225 /* Default Data.swift */,
				B24BC3A027F42DD200576D50 /* Scorecard Filter Values.swift */,
			);
			name = "Standard Components";
			sourceTree = "<group>";
		};
		B26BCE252799AA7900B73501 /* View Models */ = {
			isa = PBXGroup;
			children = (
				B2EB3D76279D73FC00D64225 /* Scorecard View Model.swift */,
				B2EB3D74279D73E100D64225 /* Board View Model.swift */,
				B2BBC8B927BBF6BC00D51A26 /* Table View Model.swift */,
				B2EB3D6D279D6BA600D64225 /* Layout View Model.swift */,
				B2EB3D70279D717F00D64225 /* Player View Model.swift */,
				B2EB3D72279D734700D64225 /* Location View Model.swift */,
				B2A5A42727E3090300754061 /* BBO Name View Model.swift */,
				B256D42427EC578500F47322 /* Ranking View Model.swift */,
				B256D42627EC5B1700F47322 /* Traveller View Model.swift */,
				B25AE9E62AA704BE00F04229 /* Double Dummy View Model.swift */,
				B28D3F5F2ACE70850060DAA1 /* Override View Model.swift */,
			);
			name = "View Models";
			sourceTree = "<group>";
		};
		B26BCE262799AAEB00B73501 /* Utilities */ = {
			isa = PBXGroup;
			children = (
				B26BCE372799AD5800B73501 /* Version.swift */,
				B21E6F6C27C511DA00DBDCC2 /* Bridge Calculations.swift */,
			);
			name = Utilities;
			sourceTree = "<group>";
		};
		B26BCE6D279AEB4C00B73501 /* Main Views */ = {
			isa = PBXGroup;
			children = (
				B26BCE6E279AEB6C00B73501 /* Scorecard List View.swift */,
				B240141927CCBF2400C3117F /* Scorecard Filter View.swift */,
				B2633A0D27AC3A460081B258 /* Layout List View.swift */,
				B2C4338B27B6646700796F24 /* Scorecard Input View.swift */,
				B20B38F127C153280001B45E /* Scorecard Contract Entry View.swift */,
				B21CC0BB279FDD3A001AECC1 /* Scorecard Detail View.swift */,
				B25F653927EDEEF400FDD6B1 /* Scorecard Ranking View.swift */,
				B25F653B27F0507600FDD6B1 /* Scorecard Traveller View.swift */,
				B203F96927F30BD900DA748A /* Scorecard Web View.swift */,
				B2100D9927DA488200CC0130 /* Stats View.swift */,
				B256D42827ECB15700F47322 /* BBO Name Replace View.swift */,
				B22F55442A9CF33F0058443D /* Hand Viewer.swift */,
				B2EEFC772AAB5BE4005A1ECA /* Analysis Viewer.swift */,
			);
			name = "Main Views";
			sourceTree = "<group>";
		};
		B2A2053327AFBFB900C83C88 /* Setup Views */ = {
			isa = PBXGroup;
			children = (
				B2AF750E27AD384900233693 /* Layout Setup View.swift */,
				B2A2053427AFC2E400C83C88 /* Player Setup View.swift */,
				B2A2053827B01D0000C83C88 /* Location Setup View.swift */,
			);
			name = "Setup Views";
			sourceTree = "<group>";
		};
		B2BAD9B727F757AA008D0160 /* Imports */ = {
			isa = PBXGroup;
			children = (
				B2BAD9BA27F75895008D0160 /* Import Framework.swift */,
				B2DADE5027E7A06E009F7572 /* Import BBO.swift */,
				B24BC3C927F5A07800576D50 /* Import BridgeWebs.swift */,
				B213A33C2AB8616700EA098F /* import PBN.swift */,
			);
			name = Imports;
			sourceTree = "<group>";
		};
		B2CC509C27BE21D10050F22C /* Reusable UIKit Components */ = {
			isa = PBXGroup;
			children = (
				B2CC509827BE21060050F22C /* Scroll Picker.swift */,
				B26C555827C8BCBC00015D0A /* Scroll Picker Popup View.swift */,
				B2CC509D27BE22210050F22C /* Enum Picker.swift */,
				B26C555627C7EA9200015D0A /* Table with Collection.swift */,
			);
			name = "Reusable UIKit Components";
			sourceTree = "<group>";
		};
		B2EB3D7C279F0E6000D64225 /* Shared Views */ = {
			isa = PBXGroup;
			children = (
				B213998B27D8AA830098E4A4 /* Seat Picker Popup View.swift */,
				B2A918922ADABF0B00761B66 /* Analysis Summary View.swift */,
			);
			name = "Shared Views";
			sourceTree = "<group>";
		};
/* End PBXGroup section */

/* Begin PBXNativeTarget section */
		B26BCDF52799A1AC00B73501 /* BridgeScore */ = {
			isa = PBXNativeTarget;
			buildConfigurationList = B26BCE092799A1AE00B73501 /* Build configuration list for PBXNativeTarget "BridgeScore" */;
			buildPhases = (
				B26BCDF22799A1AC00B73501 /* Sources */,
				B26BCDF32799A1AC00B73501 /* Frameworks */,
				B26BCDF42799A1AC00B73501 /* Resources */,
			);
			buildRules = (
			);
			dependencies = (
			);
			name = BridgeScore;
			productName = BridgeScore;
			productReference = B26BCDF62799A1AC00B73501 /* Bridge Score.app */;
			productType = "com.apple.product-type.application";
		};
/* End PBXNativeTarget section */

/* Begin PBXProject section */
		B26BCDEE2799A1AC00B73501 /* Project object */ = {
			isa = PBXProject;
			attributes = {
				BuildIndependentTargetsInParallel = 1;
				LastSwiftUpdateCheck = 1320;
				LastUpgradeCheck = 1320;
				TargetAttributes = {
					B26BCDF52799A1AC00B73501 = {
						CreatedOnToolsVersion = 13.2.1;
					};
				};
			};
			buildConfigurationList = B26BCDF12799A1AC00B73501 /* Build configuration list for PBXProject "BridgeScore" */;
			compatibilityVersion = "Xcode 13.0";
			developmentRegion = en;
			hasScannedForEncodings = 0;
			knownRegions = (
				en,
				Base,
			);
			mainGroup = B26BCDED2799A1AC00B73501;
			productRefGroup = B26BCDF72799A1AC00B73501 /* Products */;
			projectDirPath = "";
			projectRoot = "";
			targets = (
				B26BCDF52799A1AC00B73501 /* BridgeScore */,
			);
		};
/* End PBXProject section */

/* Begin PBXResourcesBuildPhase section */
		B26BCDF42799A1AC00B73501 /* Resources */ = {
			isa = PBXResourcesBuildPhase;
			buildActionMask = 2147483647;
			files = (
				B22D40A227A2CF3E002F2470 /* Assets.xcassets in Resources */,
				B23ADBEE27B1CC68001B6B38 /* Notes.txt in Resources */,
				B26BCE012799A1AE00B73501 /* Preview Assets.xcassets in Resources */,
			);
			runOnlyForDeploymentPostprocessing = 0;
		};
/* End PBXResourcesBuildPhase section */

/* Begin PBXSourcesBuildPhase section */
		B26BCDF22799A1AC00B73501 /* Sources */ = {
			isa = PBXSourcesBuildPhase;
			buildActionMask = 2147483647;
			files = (
				B2EB3D66279D54D500D64225 /* Board Managed Object.swift in Sources */,
				B26BCE692799AED700B73501 /* Input String.swift in Sources */,
				B26BCE322799ABF000B73501 /* Declarations.swift in Sources */,
				B2DADE5127E7A06E009F7572 /* Import BBO.swift in Sources */,
				B24BC3A127F42DD200576D50 /* Scorecard Filter Values.swift in Sources */,
				B26BCE6C2799AED700B73501 /* Separator.swift in Sources */,
				B2EEFC782AAB5BE4005A1ECA /* Analysis Viewer.swift in Sources */,
				B2100D9A27DA488200CC0130 /* Stats View.swift in Sources */,
				B2C4339027B7B59700796F24 /* Custom View Animations.swift in Sources */,
				B2203EB52AE8CCFC00FA27C8 /* input Number Mac.swift in Sources */,
				B2A918932ADABF0B00761B66 /* Analysis Summary View.swift in Sources */,
				B26BCE492799AD8900B73501 /* Palette.swift in Sources */,
				B2BBC8B827BBF4B100D51A26 /* Table Managed Object.swift in Sources */,
				B26BCE502799AD8900B73501 /* Other Extensions.swift in Sources */,
				B26BCE472799AD8900B73501 /* Utility.swift in Sources */,
				B21CC0BC279FDD3A001AECC1 /* Scorecard Detail View.swift in Sources */,
				B2EB3D68279D65CC00D64225 /* Player Managed Object.swift in Sources */,
				B2CC509E27BE22210050F22C /* Enum Picker.swift in Sources */,
				B26BCE672799AED700B73501 /* Swipe Gestures.swift in Sources */,
				B2EB3D73279D734700D64225 /* Location View Model.swift in Sources */,
				B2BBC8BA27BBF6BC00D51A26 /* Table View Model.swift in Sources */,
				B25AE9E52AA7021600F04229 /* Double Dummy Managed Object.swift in Sources */,
				B2EB3D75279D73E100D64225 /* Board View Model.swift in Sources */,
				B256D42127EC434100F47322 /* Traveller Managed Object.swift in Sources */,
				B2E1B76827DC71E300204CAC /* User Defaults.swift in Sources */,
				B24EAE8E27DDE95C001B3E64 /* Multi Select Picker Input.swift in Sources */,
				B2F3C3A42AA1E72200A58E89 /* Card Class.swift in Sources */,
				B27CFA4E27CDFE8400B976E0 /* Popup Menu.swift in Sources */,
				B24BC3CA27F5A07800576D50 /* Import BridgeWebs.swift in Sources */,
				B2276D5A27A692A40025DA80 /* Constraint.swift in Sources */,
				B2A2053B27B108C700C83C88 /* Input Integer.swift in Sources */,
				B2BE9BD027A15B6B002A6F8F /* Inset View.swift in Sources */,
				B26BCE2D2799AB6700B73501 /* Persistence.swift in Sources */,
				B240141A27CCBF2400C3117F /* Scorecard Filter View.swift in Sources */,
				B2EB3D6E279D6BA700D64225 /* Layout View Model.swift in Sources */,
				B25AE9E72AA704BE00F04229 /* Double Dummy View Model.swift in Sources */,
				B26BCE512799AD8900B73501 /* My Color.swift in Sources */,
				B2FCC05127A05BA500A3D9F5 /* Input Toggle.swift in Sources */,
				B2EB3D79279DB80000D64225 /* Scorecard.swift in Sources */,
				B28D3F602ACE70850060DAA1 /* Override View Model.swift in Sources */,
				B26BCE4D2799AD8900B73501 /* String Extensions.swift in Sources */,
				B2A2053D27B13F2F00C83C88 /* Keyboard Adaptive.swift in Sources */,
				B2A5A42627E2582F00754061 /* BBO Name Managed Object.swift in Sources */,
				B26BCE482799AD8900B73501 /* Day Number.swift in Sources */,
				B213A33D2AB8616700EA098F /* import PBN.swift in Sources */,
				B26BCE6F279AEB6C00B73501 /* Scorecard List View.swift in Sources */,
				B26BCE4C2799AD8900B73501 /* My Image.swift in Sources */,
				B25F653A27EDEEF400FDD6B1 /* Scorecard Ranking View.swift in Sources */,
				B25ADA5E27AEB279007062AA /* Double Column View.swift in Sources */,
				B21CC0C027A02A2A001AECC1 /* Stepper Input.swift in Sources */,
				B26BCE542799AE4D00B73501 /* Master Data.swift in Sources */,
				B26BCE4B2799AD8900B73501 /* Date Extensions.swift in Sources */,
				B2A2053527AFC2E400C83C88 /* Player Setup View.swift in Sources */,
				B26BCDFA2799A1AC00B73501 /* Bridge Score App.swift in Sources */,
				B2AF750D27AD14FD00233693 /* Slide In Menu.swift in Sources */,
				B26BCE632799AED700B73501 /* Image Capture.swift in Sources */,
				B2EB3D6A279D666800D64225 /* Location Managed Object.swift in Sources */,
				B26BCE622799AED700B73501 /* Target View Modifiers.swift in Sources */,
				B28D3F5E2ACE6FD60060DAA1 /* Override Managed Object.swift in Sources */,
				B26BCE4F2799AD8900B73501 /* Utility Extension.swift in Sources */,
				B26BCE522799AD8900B73501 /* Themes.swift in Sources */,
				B2EB3D71279D717F00D64225 /* Player View Model.swift in Sources */,
				B28E2B1E27C6A582002A9EE2 /* Input Float.swift in Sources */,
				B26BCE382799AD5800B73501 /* Version.swift in Sources */,
				B25F653C27F0507600FDD6B1 /* Scorecard Traveller View.swift in Sources */,
				B26BCE3A2799AD6D00B73501 /* Core Data.swift in Sources */,
				B26BCE562799AE6400B73501 /* Preview Data.swift in Sources */,
				B2100D9827DA449D00CC0130 /* Graph View Class.swift in Sources */,
				B256D42327EC456B00F47322 /* Ranking Managed Object.swift in Sources */,
				B2633A0E27AC3A460081B258 /* Layout List View.swift in Sources */,
				B2A2053727AFC41500C83C88 /* Toolbar View.swift in Sources */,
				B213998C27D8AA830098E4A4 /* Seat Picker Popup View.swift in Sources */,
				B2A4282E2AE790BB000A97AA /* iCloud.swift in Sources */,
				B26BCE76279BEBA500B73501 /* Scorecard Managed Object.swift in Sources */,
				B26BCE662799AED700B73501 /* Banner.swift in Sources */,
				B203F96A27F30BD900DA748A /* Scorecard Web View.swift in Sources */,
				B2A2053927B01D0000C83C88 /* Location Setup View.swift in Sources */,
				B23ADBF427B28D68001B6B38 /* Local Authentication.swift in Sources */,
				B2A5A42827E3090300754061 /* BBO Name View Model.swift in Sources */,
				B26BCE6A2799AED700B73501 /* Standard View.swift in Sources */,
				B26C555727C7EA9200015D0A /* Table with Collection.swift in Sources */,
				B2EB3D77279D73FC00D64225 /* Scorecard View Model.swift in Sources */,
				B21CC0BE27A01293001AECC1 /* Date Picker Input.swift in Sources */,
				B21E6F6D27C511DA00DBDCC2 /* Bridge Calculations.swift in Sources */,
				B256D42727EC5B1700F47322 /* Traveller View Model.swift in Sources */,
				B26BCE72279B188600B73501 /* BridgeScore.xcdatamodeld in Sources */,
				B26BCE642799AED700B73501 /* Message Box.swift in Sources */,
				B26BCE652799AED700B73501 /* Picker Input.swift in Sources */,
				B2CC50A027BE22900050F22C /* Contract Picker.swift in Sources */,
				B204175827CE58CD00A3EFA8 /* Debug Utilities.swift in Sources */,
				B24BC3A327F42EEA00576D50 /* Flags.swift in Sources */,
				B217314427D026050096DAE8 /* Undo Handler.swift in Sources */,
				B250412E2ABD9A0E00C58CAD /* Picker Input Simple.swift in Sources */,
				B2AB6ECB2AC2CCA900ED002A /* Analysis.swift in Sources */,
				B2C4338C27B6646700796F24 /* Scorecard Input View.swift in Sources */,
				B26BCE4E2799AD8900B73501 /* Link Presentation.swift in Sources */,
				B26BCE74279B236F00B73501 /* Layout Managed Object.swift in Sources */,
				B22F55452A9CF33F0058443D /* Hand Viewer.swift in Sources */,
				B2CC509927BE21060050F22C /* Scroll Picker.swift in Sources */,
				B2EB3D7B279DCBCB00D64225 /* Default Data.swift in Sources */,
				B256D42927ECB15700F47322 /* BBO Name Replace View.swift in Sources */,
				B2A4282C2AE78D10000A97AA /* Database Utilties.swift in Sources */,
				B26BCE302799AB6700B73501 /* MyApp.swift in Sources */,
				B26C555927C8BCBC00015D0A /* Scroll Picker Popup View.swift in Sources */,
				B26BCE362799AD1700B73501 /* Config.swift in Sources */,
				B2AF750F27AD384900233693 /* Layout Setup View.swift in Sources */,
				B28E4EE827B55F9A0059819C /* Backup.swift in Sources */,
				B26BCE6B2799AED700B73501 /* Input Title.swift in Sources */,
				B2BAD9BB27F75895008D0160 /* Import Framework.swift in Sources */,
				B2C4338E27B7B56200796F24 /* Custom Collection View Flow.swift in Sources */,
				B23ADBF227B25356001B6B38 /* List Tile View.swift in Sources */,
				B20B38F227C153280001B45E /* Scorecard Contract Entry View.swift in Sources */,
				B256D42527EC578500F47322 /* Ranking View Model.swift in Sources */,
			);
			runOnlyForDeploymentPostprocessing = 0;
		};
/* End PBXSourcesBuildPhase section */

/* Begin XCBuildConfiguration section */
		B26BCE072799A1AE00B73501 /* Debug */ = {
			isa = XCBuildConfiguration;
			buildSettings = {
				ALWAYS_SEARCH_USER_PATHS = NO;
				CLANG_ANALYZER_NONNULL = YES;
				CLANG_ANALYZER_NUMBER_OBJECT_CONVERSION = YES_AGGRESSIVE;
				CLANG_CXX_LANGUAGE_STANDARD = "gnu++17";
				CLANG_CXX_LIBRARY = "libc++";
				CLANG_ENABLE_MODULES = YES;
				CLANG_ENABLE_OBJC_ARC = YES;
				CLANG_ENABLE_OBJC_WEAK = YES;
				CLANG_WARN_BLOCK_CAPTURE_AUTORELEASING = YES;
				CLANG_WARN_BOOL_CONVERSION = YES;
				CLANG_WARN_COMMA = YES;
				CLANG_WARN_CONSTANT_CONVERSION = YES;
				CLANG_WARN_DEPRECATED_OBJC_IMPLEMENTATIONS = YES;
				CLANG_WARN_DIRECT_OBJC_ISA_USAGE = YES_ERROR;
				CLANG_WARN_DOCUMENTATION_COMMENTS = YES;
				CLANG_WARN_EMPTY_BODY = YES;
				CLANG_WARN_ENUM_CONVERSION = YES;
				CLANG_WARN_INFINITE_RECURSION = YES;
				CLANG_WARN_INT_CONVERSION = YES;
				CLANG_WARN_NON_LITERAL_NULL_CONVERSION = YES;
				CLANG_WARN_OBJC_IMPLICIT_RETAIN_SELF = YES;
				CLANG_WARN_OBJC_LITERAL_CONVERSION = YES;
				CLANG_WARN_OBJC_ROOT_CLASS = YES_ERROR;
				CLANG_WARN_QUOTED_INCLUDE_IN_FRAMEWORK_HEADER = YES;
				CLANG_WARN_RANGE_LOOP_ANALYSIS = YES;
				CLANG_WARN_STRICT_PROTOTYPES = YES;
				CLANG_WARN_SUSPICIOUS_MOVE = YES;
				CLANG_WARN_UNGUARDED_AVAILABILITY = YES_AGGRESSIVE;
				CLANG_WARN_UNREACHABLE_CODE = YES;
				CLANG_WARN__DUPLICATE_METHOD_MATCH = YES;
				COPY_PHASE_STRIP = NO;
				DEBUG_INFORMATION_FORMAT = dwarf;
				ENABLE_STRICT_OBJC_MSGSEND = YES;
				ENABLE_TESTABILITY = YES;
				GCC_C_LANGUAGE_STANDARD = gnu11;
				GCC_DYNAMIC_NO_PIC = NO;
				GCC_NO_COMMON_BLOCKS = YES;
				GCC_OPTIMIZATION_LEVEL = 0;
				GCC_PREPROCESSOR_DEFINITIONS = (
					"DEBUG=1",
					"$(inherited)",
				);
				GCC_WARN_64_TO_32_BIT_CONVERSION = YES;
				GCC_WARN_ABOUT_RETURN_TYPE = YES_ERROR;
				GCC_WARN_UNDECLARED_SELECTOR = YES;
				GCC_WARN_UNINITIALIZED_AUTOS = YES_AGGRESSIVE;
				GCC_WARN_UNUSED_FUNCTION = YES;
				GCC_WARN_UNUSED_VARIABLE = YES;
				IPHONEOS_DEPLOYMENT_TARGET = 15.2;
				MTL_ENABLE_DEBUG_INFO = INCLUDE_SOURCE;
				MTL_FAST_MATH = YES;
				ONLY_ACTIVE_ARCH = YES;
				SDKROOT = iphoneos;
				SWIFT_ACTIVE_COMPILATION_CONDITIONS = DEBUG;
				SWIFT_OPTIMIZATION_LEVEL = "-Onone";
			};
			name = Debug;
		};
		B26BCE082799A1AE00B73501 /* Release */ = {
			isa = XCBuildConfiguration;
			buildSettings = {
				ALWAYS_SEARCH_USER_PATHS = NO;
				CLANG_ANALYZER_NONNULL = YES;
				CLANG_ANALYZER_NUMBER_OBJECT_CONVERSION = YES_AGGRESSIVE;
				CLANG_CXX_LANGUAGE_STANDARD = "gnu++17";
				CLANG_CXX_LIBRARY = "libc++";
				CLANG_ENABLE_MODULES = YES;
				CLANG_ENABLE_OBJC_ARC = YES;
				CLANG_ENABLE_OBJC_WEAK = YES;
				CLANG_WARN_BLOCK_CAPTURE_AUTORELEASING = YES;
				CLANG_WARN_BOOL_CONVERSION = YES;
				CLANG_WARN_COMMA = YES;
				CLANG_WARN_CONSTANT_CONVERSION = YES;
				CLANG_WARN_DEPRECATED_OBJC_IMPLEMENTATIONS = YES;
				CLANG_WARN_DIRECT_OBJC_ISA_USAGE = YES_ERROR;
				CLANG_WARN_DOCUMENTATION_COMMENTS = YES;
				CLANG_WARN_EMPTY_BODY = YES;
				CLANG_WARN_ENUM_CONVERSION = YES;
				CLANG_WARN_INFINITE_RECURSION = YES;
				CLANG_WARN_INT_CONVERSION = YES;
				CLANG_WARN_NON_LITERAL_NULL_CONVERSION = YES;
				CLANG_WARN_OBJC_IMPLICIT_RETAIN_SELF = YES;
				CLANG_WARN_OBJC_LITERAL_CONVERSION = YES;
				CLANG_WARN_OBJC_ROOT_CLASS = YES_ERROR;
				CLANG_WARN_QUOTED_INCLUDE_IN_FRAMEWORK_HEADER = YES;
				CLANG_WARN_RANGE_LOOP_ANALYSIS = YES;
				CLANG_WARN_STRICT_PROTOTYPES = YES;
				CLANG_WARN_SUSPICIOUS_MOVE = YES;
				CLANG_WARN_UNGUARDED_AVAILABILITY = YES_AGGRESSIVE;
				CLANG_WARN_UNREACHABLE_CODE = YES;
				CLANG_WARN__DUPLICATE_METHOD_MATCH = YES;
				COPY_PHASE_STRIP = NO;
				DEBUG_INFORMATION_FORMAT = "dwarf-with-dsym";
				ENABLE_NS_ASSERTIONS = NO;
				ENABLE_STRICT_OBJC_MSGSEND = YES;
				GCC_C_LANGUAGE_STANDARD = gnu11;
				GCC_NO_COMMON_BLOCKS = YES;
				GCC_WARN_64_TO_32_BIT_CONVERSION = YES;
				GCC_WARN_ABOUT_RETURN_TYPE = YES_ERROR;
				GCC_WARN_UNDECLARED_SELECTOR = YES;
				GCC_WARN_UNINITIALIZED_AUTOS = YES_AGGRESSIVE;
				GCC_WARN_UNUSED_FUNCTION = YES;
				GCC_WARN_UNUSED_VARIABLE = YES;
				IPHONEOS_DEPLOYMENT_TARGET = 15.2;
				MTL_ENABLE_DEBUG_INFO = NO;
				MTL_FAST_MATH = YES;
				SDKROOT = iphoneos;
				SWIFT_COMPILATION_MODE = wholemodule;
				SWIFT_OPTIMIZATION_LEVEL = "-O";
				VALIDATE_PRODUCT = YES;
			};
			name = Release;
		};
		B26BCE0A2799A1AE00B73501 /* Debug */ = {
			isa = XCBuildConfiguration;
			buildSettings = {
				ASSETCATALOG_COMPILER_APPICON_NAME = AppIcon;
				ASSETCATALOG_COMPILER_GLOBAL_ACCENT_COLOR_NAME = AccentColor;
				CODE_SIGN_ENTITLEMENTS = BridgeScore/BridgeScore.entitlements;
				CODE_SIGN_IDENTITY = "Apple Development";
				"CODE_SIGN_IDENTITY[sdk=macosx*]" = "Apple Development";
				CODE_SIGN_STYLE = Automatic;
				CURRENT_PROJECT_VERSION = 4;
				DEVELOPMENT_ASSET_PATHS = "\"BridgeScore/Main App/Preview Content\"";
				DEVELOPMENT_TEAM = 3T7CT2S464;
				ENABLE_PREVIEWS = YES;
				GENERATE_INFOPLIST_FILE = YES;
				INFOPLIST_FILE = BridgeScore/Shared/Info.plist;
				INFOPLIST_KEY_LSApplicationCategoryType = "";
				INFOPLIST_KEY_LSSupportsOpeningDocumentsInPlace = YES;
				INFOPLIST_KEY_NSFaceIDUsageDescription = "This app requires access to Face ID to avoid unauthenticated access to  scorecard details";
				INFOPLIST_KEY_UIApplicationSceneManifest_Generation = YES;
				INFOPLIST_KEY_UIApplicationSupportsIndirectInputEvents = YES;
				INFOPLIST_KEY_UILaunchScreen_Generation = YES;
				INFOPLIST_KEY_UISupportedInterfaceOrientations_iPad = "UIInterfaceOrientationPortrait UIInterfaceOrientationPortraitUpsideDown UIInterfaceOrientationLandscapeLeft UIInterfaceOrientationLandscapeRight";
				INFOPLIST_KEY_UISupportedInterfaceOrientations_iPhone = "UIInterfaceOrientationPortrait UIInterfaceOrientationLandscapeLeft UIInterfaceOrientationLandscapeRight";
				INFOPLIST_KEY_UIUserInterfaceStyle = Light;
				IPHONEOS_DEPLOYMENT_TARGET = 17.0;
				LD_RUNPATH_SEARCH_PATHS = (
					"$(inherited)",
					"@executable_path/Frameworks",
				);
				MARKETING_VERSION = 1.0;
				PRODUCT_BUNDLE_IDENTIFIER = MarcShearer.BridgeScore;
				PRODUCT_NAME = "Bridge Score";
				PROVISIONING_PROFILE_SPECIFIER = "";
				SUPPORTS_MACCATALYST = YES;
				SWIFT_EMIT_LOC_STRINGS = YES;
				SWIFT_VERSION = 5.0;
				TARGETED_DEVICE_FAMILY = "1,2";
			};
			name = Debug;
		};
		B26BCE0B2799A1AE00B73501 /* Release */ = {
			isa = XCBuildConfiguration;
			buildSettings = {
				ASSETCATALOG_COMPILER_APPICON_NAME = AppIcon;
				ASSETCATALOG_COMPILER_GLOBAL_ACCENT_COLOR_NAME = AccentColor;
				CODE_SIGN_ENTITLEMENTS = BridgeScore/BridgeScore.entitlements;
				CODE_SIGN_IDENTITY = "Apple Development";
				"CODE_SIGN_IDENTITY[sdk=macosx*]" = "Apple Development";
				CODE_SIGN_STYLE = Automatic;
				CURRENT_PROJECT_VERSION = 4;
				DEVELOPMENT_ASSET_PATHS = "\"BridgeScore/Main App/Preview Content\"";
				DEVELOPMENT_TEAM = 3T7CT2S464;
				ENABLE_PREVIEWS = YES;
				GENERATE_INFOPLIST_FILE = YES;
				INFOPLIST_FILE = BridgeScore/Shared/Info.plist;
				INFOPLIST_KEY_LSApplicationCategoryType = "";
				INFOPLIST_KEY_LSSupportsOpeningDocumentsInPlace = YES;
				INFOPLIST_KEY_NSFaceIDUsageDescription = "This app requires access to Face ID to avoid unauthenticated access to  scorecard details";
				INFOPLIST_KEY_UIApplicationSceneManifest_Generation = YES;
				INFOPLIST_KEY_UIApplicationSupportsIndirectInputEvents = YES;
				INFOPLIST_KEY_UILaunchScreen_Generation = YES;
				INFOPLIST_KEY_UISupportedInterfaceOrientations_iPad = "UIInterfaceOrientationPortrait UIInterfaceOrientationPortraitUpsideDown UIInterfaceOrientationLandscapeLeft UIInterfaceOrientationLandscapeRight";
				INFOPLIST_KEY_UISupportedInterfaceOrientations_iPhone = "UIInterfaceOrientationPortrait UIInterfaceOrientationLandscapeLeft UIInterfaceOrientationLandscapeRight";
				INFOPLIST_KEY_UIUserInterfaceStyle = Light;
				IPHONEOS_DEPLOYMENT_TARGET = 17.0;
				LD_RUNPATH_SEARCH_PATHS = (
					"$(inherited)",
					"@executable_path/Frameworks",
				);
				MARKETING_VERSION = 1.0;
				PRODUCT_BUNDLE_IDENTIFIER = MarcShearer.BridgeScore;
				PRODUCT_NAME = "Bridge Score";
				PROVISIONING_PROFILE_SPECIFIER = "";
				SUPPORTS_MACCATALYST = YES;
				SWIFT_EMIT_LOC_STRINGS = YES;
				SWIFT_VERSION = 5.0;
				TARGETED_DEVICE_FAMILY = "1,2";
			};
			name = Release;
		};
/* End XCBuildConfiguration section */

/* Begin XCConfigurationList section */
		B26BCDF12799A1AC00B73501 /* Build configuration list for PBXProject "BridgeScore" */ = {
			isa = XCConfigurationList;
			buildConfigurations = (
				B26BCE072799A1AE00B73501 /* Debug */,
				B26BCE082799A1AE00B73501 /* Release */,
			);
			defaultConfigurationIsVisible = 0;
			defaultConfigurationName = Release;
		};
		B26BCE092799A1AE00B73501 /* Build configuration list for PBXNativeTarget "BridgeScore" */ = {
			isa = XCConfigurationList;
			buildConfigurations = (
				B26BCE0A2799A1AE00B73501 /* Debug */,
				B26BCE0B2799A1AE00B73501 /* Release */,
			);
			defaultConfigurationIsVisible = 0;
			defaultConfigurationName = Release;
		};
/* End XCConfigurationList section */

/* Begin XCVersionGroup section */
		B26BCE70279B188600B73501 /* BridgeScore.xcdatamodeld */ = {
			isa = XCVersionGroup;
			children = (
				B26BCE71279B188600B73501 /* BridgeScore.xcdatamodel */,
			);
			currentVersion = B26BCE71279B188600B73501 /* BridgeScore.xcdatamodel */;
			path = BridgeScore.xcdatamodeld;
			sourceTree = "<group>";
			versionGroupType = wrapper.xcdatamodel;
		};
/* End XCVersionGroup section */
	};
	rootObject = B26BCDEE2799A1AC00B73501 /* Project object */;
}
